
Microsoft Visual Studio Solution File, Format Version 12.00
# Visual Studio Version 17
VisualStudioVersion = 17.7.34024.191
MinimumVisualStudioVersion = 10.0.40219.1
Project("{8BC9CEB8-8B4A-11D0-8D11-00A0C91BC942}") = "reduce", "reduce.vcxproj", "{71BC61FB-C6E2-481E-87E5-6670EECF86BD}"
EndProject
Global
	GlobalSection(SolutionConfigurationPlatforms) = preSolution
		Debug|x64 = Debug|x64
		Release|x64 = Release|x64
	EndGlobalSection
	GlobalSection(ProjectConfigurationPlatforms) = postSolution
		{71BC61FB-C6E2-481E-87E5-6670EECF86BD}.Debug|x64.ActiveCfg = Debug|x64
		{71BC61FB-C6E2-481E-87E5-6670EECF86BD}.Debug|x64.Build.0 = Debug|x64
		{71BC61FB-C6E2-481E-87E5-6670EECF86BD}.Release|x64.ActiveCfg = Release|x64
		{71BC61FB-C6E2-481E-87E5-6670EECF86BD}.Release|x64.Build.0 = Release|x64
	EndGlobalSection
	GlobalSection(SolutionProperties) = preSolution
		HideSolutionNode = FALSE
	EndGlobalSection
	GlobalSection(ExtensibilityGlobals) = postSolution
		SolutionGuid = {244726FE-BD78-42E9-923D-4A75FC1E4670}
	EndGlobalSection
EndGlobal
