
Microsoft Visual Studio Solution File, Format Version 12.00
# Visual Studio Version 17
VisualStudioVersion = 17.7.34024.191
MinimumVisualStudioVersion = 10.0.40219.1
Project("{8BC9CEB8-8B4A-11D0-8D11-00A0C91BC942}") = "dotProduct", "dotProduct.vcxproj", "{ACDC4811-F77D-4683-A68C-8376E682DD7B}"
EndProject
Global
	GlobalSection(SolutionConfigurationPlatforms) = preSolution
		Debug|x64 = Debug|x64
		Release|x64 = Release|x64
	EndGlobalSection
	GlobalSection(ProjectConfigurationPlatforms) = postSolution
		{ACDC4811-F77D-4683-A68C-8376E682DD7B}.Debug|x64.ActiveCfg = Debug|x64
		{ACDC4811-F77D-4683-A68C-8376E682DD7B}.Debug|x64.Build.0 = Debug|x64
		{ACDC4811-F77D-4683-A68C-8376E682DD7B}.Release|x64.ActiveCfg = Release|x64
		{ACDC4811-F77D-4683-A68C-8376E682DD7B}.Release|x64.Build.0 = Release|x64
	EndGlobalSection
	GlobalSection(SolutionProperties) = preSolution
		HideSolutionNode = FALSE
	EndGlobalSection
	GlobalSection(ExtensibilityGlobals) = postSolution
		SolutionGuid = {0FFA0D52-8292-4F93-940A-23E792A0CDF8}
	EndGlobalSection
EndGlobal
